
Microsoft Visual Studio Solution File, Format Version 12.00
# Visual Studio Version 16
VisualStudioVersion = 16.0.31019.35
MinimumVisualStudioVersion = 10.0.40219.1
Project("{FAE04EC0-301F-11D3-BF4B-00C04F79EFBC}") = "problem2", "problem2.csproj", "{1B34C5F9-C4DE-428D-A80F-9420639421D5}"
EndProject
Global
	GlobalSection(SolutionConfigurationPlatforms) = preSolution
		Debug|Any CPU = Debug|Any CPU
		Release|Any CPU = Release|Any CPU
	EndGlobalSection
	GlobalSection(ProjectConfigurationPlatforms) = postSolution
		{1B34C5F9-C4DE-428D-A80F-9420639421D5}.Debug|Any CPU.ActiveCfg = Debug|Any CPU
		{1B34C5F9-C4DE-428D-A80F-9420639421D5}.Debug|Any CPU.Build.0 = Debug|Any CPU
		{1B34C5F9-C4DE-428D-A80F-9420639421D5}.Release|Any CPU.ActiveCfg = Release|Any CPU
		{1B34C5F9-C4DE-428D-A80F-9420639421D5}.Release|Any CPU.Build.0 = Release|Any CPU
	EndGlobalSection
	GlobalSection(SolutionProperties) = preSolution
		HideSolutionNode = FALSE
	EndGlobalSection
	GlobalSection(ExtensibilityGlobals) = postSolution
		SolutionGuid = {6C55BE01-481E-4D23-ABF0-5ED57D151E0B}
	EndGlobalSection
EndGlobal
